
Microsoft Visual Studio Solution File, Format Version 12.00
# Visual Studio Version 17
VisualStudioVersion = 17.9.34622.214
MinimumVisualStudioVersion = 10.0.40219.1
Project("{9A19103F-16F7-4668-BE54-9A1E7A4F7556}") = "Multimedia", "Multimedia.csproj", "{D6CA83DB-3519-4419-8D68-BD849F57C995}"
EndProject
Project("{2150E333-8FDC-42A3-9474-1A3956D46DE8}") = "Solution Items", "Solution Items", "{FD8D0123-1106-494A-A65E-ECF9E5DBAE9A}"
	ProjectSection(SolutionItems) = preProject
		..\New folder (2)\test1.wav = ..\New folder (2)\test1.wav
	EndProjectSection
EndProject
Global
	GlobalSection(SolutionConfigurationPlatforms) = preSolution
		Debug|Any CPU = Debug|Any CPU
		Release|Any CPU = Release|Any CPU
	EndGlobalSection
	GlobalSection(ProjectConfigurationPlatforms) = postSolution
		{D6CA83DB-3519-4419-8D68-BD849F57C995}.Debug|Any CPU.ActiveCfg = Debug|Any CPU
		{D6CA83DB-3519-4419-8D68-BD849F57C995}.Debug|Any CPU.Build.0 = Debug|Any CPU
		{D6CA83DB-3519-4419-8D68-BD849F57C995}.Release|Any CPU.ActiveCfg = Release|Any CPU
		{D6CA83DB-3519-4419-8D68-BD849F57C995}.Release|Any CPU.Build.0 = Release|Any CPU
	EndGlobalSection
	GlobalSection(SolutionProperties) = preSolution
		HideSolutionNode = FALSE
	EndGlobalSection
	GlobalSection(ExtensibilityGlobals) = postSolution
		SolutionGuid = {F6B0DE28-1A8F-44DE-93B7-4BD48AF75A37}
	EndGlobalSection
EndGlobal
